// !$*UTF8*$!
{
	archiveVersion = 1;
	classes = {
	};
	objectVersion = 50;
	objects = {

/* Begin PBXBuildFile section */
		17201A8F554FC8963E2518EC /* Pods_Task7_Task7UITests.framework in Frameworks */ = {isa = PBXBuildFile; fileRef = 8C6504FAE6D70EE42721967A /* Pods_Task7_Task7UITests.framework */; };
		1825E5057C76817C03234347 /* Pods_Task7Tests.framework in Frameworks */ = {isa = PBXBuildFile; fileRef = 7346D449266CBA9DECF50973 /* Pods_Task7Tests.framework */; };
		A53BA066BB877403F9E450FC /* Pods_Task7.framework in Frameworks */ = {isa = PBXBuildFile; fileRef = EF4B1D7C335F792D5911F45B /* Pods_Task7.framework */; };
		C0ABE726261EE74A006A4223 /* AppDelegate.swift in Sources */ = {isa = PBXBuildFile; fileRef = C0ABE725261EE74A006A4223 /* AppDelegate.swift */; };
		C0ABE728261EE74A006A4223 /* SceneDelegate.swift in Sources */ = {isa = PBXBuildFile; fileRef = C0ABE727261EE74A006A4223 /* SceneDelegate.swift */; };
		C0ABE72D261EE74A006A4223 /* Main.storyboard in Resources */ = {isa = PBXBuildFile; fileRef = C0ABE72B261EE74A006A4223 /* Main.storyboard */; };
		C0ABE72F261EE74D006A4223 /* Assets.xcassets in Resources */ = {isa = PBXBuildFile; fileRef = C0ABE72E261EE74D006A4223 /* Assets.xcassets */; };
		C0ABE732261EE74D006A4223 /* LaunchScreen.storyboard in Resources */ = {isa = PBXBuildFile; fileRef = C0ABE730261EE74D006A4223 /* LaunchScreen.storyboard */; };
		C0ABE73D261EE74D006A4223 /* Task7Tests.swift in Sources */ = {isa = PBXBuildFile; fileRef = C0ABE73C261EE74D006A4223 /* Task7Tests.swift */; };
		C0ABE748261EE74D006A4223 /* Task7UITests.swift in Sources */ = {isa = PBXBuildFile; fileRef = C0ABE747261EE74D006A4223 /* Task7UITests.swift */; };
		C0ABE775261EF99E006A4223 /* PlusViewController.swift in Sources */ = {isa = PBXBuildFile; fileRef = C0ABE774261EF99E006A4223 /* PlusViewController.swift */; };
		C0ABE77A261EF9B9006A4223 /* MinusViewController.swift in Sources */ = {isa = PBXBuildFile; fileRef = C0ABE779261EF9B9006A4223 /* MinusViewController.swift */; };
/* End PBXBuildFile section */

/* Begin PBXContainerItemProxy section */
		C0ABE739261EE74D006A4223 /* PBXContainerItemProxy */ = {
			isa = PBXContainerItemProxy;
			containerPortal = C0ABE71A261EE74A006A4223 /* Project object */;
			proxyType = 1;
			remoteGlobalIDString = C0ABE721261EE74A006A4223;
			remoteInfo = Task7;
		};
		C0ABE744261EE74D006A4223 /* PBXContainerItemProxy */ = {
			isa = PBXContainerItemProxy;
			containerPortal = C0ABE71A261EE74A006A4223 /* Project object */;
			proxyType = 1;
			remoteGlobalIDString = C0ABE721261EE74A006A4223;
			remoteInfo = Task7;
		};
/* End PBXContainerItemProxy section */

/* Begin PBXFileReference section */
		073907829AE0E5F471A8FD83 /* Pods-Task7Tests.release.xcconfig */ = {isa = PBXFileReference; includeInIndex = 1; lastKnownFileType = text.xcconfig; name = "Pods-Task7Tests.release.xcconfig"; path = "Target Support Files/Pods-Task7Tests/Pods-Task7Tests.release.xcconfig"; sourceTree = "<group>"; };
		67555EF8D7A6FD7DD9FBFBFC /* Pods-Task7-Task7UITests.debug.xcconfig */ = {isa = PBXFileReference; includeInIndex = 1; lastKnownFileType = text.xcconfig; name = "Pods-Task7-Task7UITests.debug.xcconfig"; path = "Target Support Files/Pods-Task7-Task7UITests/Pods-Task7-Task7UITests.debug.xcconfig"; sourceTree = "<group>"; };
		7346D449266CBA9DECF50973 /* Pods_Task7Tests.framework */ = {isa = PBXFileReference; explicitFileType = wrapper.framework; includeInIndex = 0; path = Pods_Task7Tests.framework; sourceTree = BUILT_PRODUCTS_DIR; };
		742241E836DCC92F00D5A764 /* Pods-Task7.debug.xcconfig */ = {isa = PBXFileReference; includeInIndex = 1; lastKnownFileType = text.xcconfig; name = "Pods-Task7.debug.xcconfig"; path = "Target Support Files/Pods-Task7/Pods-Task7.debug.xcconfig"; sourceTree = "<group>"; };
		8C6504FAE6D70EE42721967A /* Pods_Task7_Task7UITests.framework */ = {isa = PBXFileReference; explicitFileType = wrapper.framework; includeInIndex = 0; path = Pods_Task7_Task7UITests.framework; sourceTree = BUILT_PRODUCTS_DIR; };
		B69C4CB723AAA62E1D4BC267 /* Pods-Task7Tests.debug.xcconfig */ = {isa = PBXFileReference; includeInIndex = 1; lastKnownFileType = text.xcconfig; name = "Pods-Task7Tests.debug.xcconfig"; path = "Target Support Files/Pods-Task7Tests/Pods-Task7Tests.debug.xcconfig"; sourceTree = "<group>"; };
		C0ABE722261EE74A006A4223 /* Task7.app */ = {isa = PBXFileReference; explicitFileType = wrapper.application; includeInIndex = 0; path = Task7.app; sourceTree = BUILT_PRODUCTS_DIR; };
		C0ABE725261EE74A006A4223 /* AppDelegate.swift */ = {isa = PBXFileReference; lastKnownFileType = sourcecode.swift; path = AppDelegate.swift; sourceTree = "<group>"; };
		C0ABE727261EE74A006A4223 /* SceneDelegate.swift */ = {isa = PBXFileReference; lastKnownFileType = sourcecode.swift; path = SceneDelegate.swift; sourceTree = "<group>"; };
		C0ABE72C261EE74A006A4223 /* Base */ = {isa = PBXFileReference; lastKnownFileType = file.storyboard; name = Base; path = Base.lproj/Main.storyboard; sourceTree = "<group>"; };
		C0ABE72E261EE74D006A4223 /* Assets.xcassets */ = {isa = PBXFileReference; lastKnownFileType = folder.assetcatalog; path = Assets.xcassets; sourceTree = "<group>"; };
		C0ABE731261EE74D006A4223 /* Base */ = {isa = PBXFileReference; lastKnownFileType = file.storyboard; name = Base; path = Base.lproj/LaunchScreen.storyboard; sourceTree = "<group>"; };
		C0ABE733261EE74D006A4223 /* Info.plist */ = {isa = PBXFileReference; lastKnownFileType = text.plist.xml; path = Info.plist; sourceTree = "<group>"; };
		C0ABE738261EE74D006A4223 /* Task7Tests.xctest */ = {isa = PBXFileReference; explicitFileType = wrapper.cfbundle; includeInIndex = 0; path = Task7Tests.xctest; sourceTree = BUILT_PRODUCTS_DIR; };
		C0ABE73C261EE74D006A4223 /* Task7Tests.swift */ = {isa = PBXFileReference; lastKnownFileType = sourcecode.swift; path = Task7Tests.swift; sourceTree = "<group>"; };
		C0ABE73E261EE74D006A4223 /* Info.plist */ = {isa = PBXFileReference; lastKnownFileType = text.plist.xml; path = Info.plist; sourceTree = "<group>"; };
		C0ABE743261EE74D006A4223 /* Task7UITests.xctest */ = {isa = PBXFileReference; explicitFileType = wrapper.cfbundle; includeInIndex = 0; path = Task7UITests.xctest; sourceTree = BUILT_PRODUCTS_DIR; };
		C0ABE747261EE74D006A4223 /* Task7UITests.swift */ = {isa = PBXFileReference; lastKnownFileType = sourcecode.swift; path = Task7UITests.swift; sourceTree = "<group>"; };
		C0ABE749261EE74D006A4223 /* Info.plist */ = {isa = PBXFileReference; lastKnownFileType = text.plist.xml; path = Info.plist; sourceTree = "<group>"; };
		C0ABE774261EF99E006A4223 /* PlusViewController.swift */ = {isa = PBXFileReference; lastKnownFileType = sourcecode.swift; path = PlusViewController.swift; sourceTree = "<group>"; };
		C0ABE779261EF9B9006A4223 /* MinusViewController.swift */ = {isa = PBXFileReference; lastKnownFileType = sourcecode.swift; path = MinusViewController.swift; sourceTree = "<group>"; };
		C6658159E9ACF108FBD2C3F2 /* Pods-Task7.release.xcconfig */ = {isa = PBXFileReference; includeInIndex = 1; lastKnownFileType = text.xcconfig; name = "Pods-Task7.release.xcconfig"; path = "Target Support Files/Pods-Task7/Pods-Task7.release.xcconfig"; sourceTree = "<group>"; };
		D48406BAD96B8474747D6084 /* Pods-Task7-Task7UITests.release.xcconfig */ = {isa = PBXFileReference; includeInIndex = 1; lastKnownFileType = text.xcconfig; name = "Pods-Task7-Task7UITests.release.xcconfig"; path = "Target Support Files/Pods-Task7-Task7UITests/Pods-Task7-Task7UITests.release.xcconfig"; sourceTree = "<group>"; };
		EF4B1D7C335F792D5911F45B /* Pods_Task7.framework */ = {isa = PBXFileReference; explicitFileType = wrapper.framework; includeInIndex = 0; path = Pods_Task7.framework; sourceTree = BUILT_PRODUCTS_DIR; };
/* End PBXFileReference section */

/* Begin PBXFrameworksBuildPhase section */
		C0ABE71F261EE74A006A4223 /* Frameworks */ = {
			isa = PBXFrameworksBuildPhase;
			buildActionMask = 2147483647;
			files = (
				A53BA066BB877403F9E450FC /* Pods_Task7.framework in Frameworks */,
			);
			runOnlyForDeploymentPostprocessing = 0;
		};
		C0ABE735261EE74D006A4223 /* Frameworks */ = {
			isa = PBXFrameworksBuildPhase;
			buildActionMask = 2147483647;
			files = (
				1825E5057C76817C03234347 /* Pods_Task7Tests.framework in Frameworks */,
			);
			runOnlyForDeploymentPostprocessing = 0;
		};
		C0ABE740261EE74D006A4223 /* Frameworks */ = {
			isa = PBXFrameworksBuildPhase;
			buildActionMask = 2147483647;
			files = (
				17201A8F554FC8963E2518EC /* Pods_Task7_Task7UITests.framework in Frameworks */,
			);
			runOnlyForDeploymentPostprocessing = 0;
		};
/* End PBXFrameworksBuildPhase section */

/* Begin PBXGroup section */
		3CEC6896A97C4C609AA9F201 /* Frameworks */ = {
			isa = PBXGroup;
			children = (
				EF4B1D7C335F792D5911F45B /* Pods_Task7.framework */,
				8C6504FAE6D70EE42721967A /* Pods_Task7_Task7UITests.framework */,
				7346D449266CBA9DECF50973 /* Pods_Task7Tests.framework */,
			);
			name = Frameworks;
			sourceTree = "<group>";
		};
		45A35DE75580401CE78655CF /* Pods */ = {
			isa = PBXGroup;
			children = (
				742241E836DCC92F00D5A764 /* Pods-Task7.debug.xcconfig */,
				C6658159E9ACF108FBD2C3F2 /* Pods-Task7.release.xcconfig */,
				67555EF8D7A6FD7DD9FBFBFC /* Pods-Task7-Task7UITests.debug.xcconfig */,
				D48406BAD96B8474747D6084 /* Pods-Task7-Task7UITests.release.xcconfig */,
				B69C4CB723AAA62E1D4BC267 /* Pods-Task7Tests.debug.xcconfig */,
				073907829AE0E5F471A8FD83 /* Pods-Task7Tests.release.xcconfig */,
			);
			path = Pods;
			sourceTree = "<group>";
		};
		C0ABE719261EE74A006A4223 = {
			isa = PBXGroup;
			children = (
				C0ABE724261EE74A006A4223 /* Task7 */,
				C0ABE73B261EE74D006A4223 /* Task7Tests */,
				C0ABE746261EE74D006A4223 /* Task7UITests */,
				C0ABE723261EE74A006A4223 /* Products */,
				45A35DE75580401CE78655CF /* Pods */,
				3CEC6896A97C4C609AA9F201 /* Frameworks */,
			);
			sourceTree = "<group>";
		};
		C0ABE723261EE74A006A4223 /* Products */ = {
			isa = PBXGroup;
			children = (
				C0ABE722261EE74A006A4223 /* Task7.app */,
				C0ABE738261EE74D006A4223 /* Task7Tests.xctest */,
				C0ABE743261EE74D006A4223 /* Task7UITests.xctest */,
			);
			name = Products;
			sourceTree = "<group>";
		};
		C0ABE724261EE74A006A4223 /* Task7 */ = {
			isa = PBXGroup;
			children = (
				C0ABE725261EE74A006A4223 /* AppDelegate.swift */,
				C0ABE727261EE74A006A4223 /* SceneDelegate.swift */,
				C0ABE72B261EE74A006A4223 /* Main.storyboard */,
				C0ABE72E261EE74D006A4223 /* Assets.xcassets */,
				C0ABE730261EE74D006A4223 /* LaunchScreen.storyboard */,
				C0ABE733261EE74D006A4223 /* Info.plist */,
				C0ABE774261EF99E006A4223 /* PlusViewController.swift */,
				C0ABE779261EF9B9006A4223 /* MinusViewController.swift */,
			);
			path = Task7;
			sourceTree = "<group>";
		};
		C0ABE73B261EE74D006A4223 /* Task7Tests */ = {
			isa = PBXGroup;
			children = (
				C0ABE73C261EE74D006A4223 /* Task7Tests.swift */,
				C0ABE73E261EE74D006A4223 /* Info.plist */,
			);
			path = Task7Tests;
			sourceTree = "<group>";
		};
		C0ABE746261EE74D006A4223 /* Task7UITests */ = {
			isa = PBXGroup;
			children = (
				C0ABE747261EE74D006A4223 /* Task7UITests.swift */,
				C0ABE749261EE74D006A4223 /* Info.plist */,
			);
			path = Task7UITests;
			sourceTree = "<group>";
		};
/* End PBXGroup section */

/* Begin PBXNativeTarget section */
		C0ABE721261EE74A006A4223 /* Task7 */ = {
			isa = PBXNativeTarget;
			buildConfigurationList = C0ABE74C261EE74D006A4223 /* Build configuration list for PBXNativeTarget "Task7" */;
			buildPhases = (
				2E2E889F7E0938DE852EE0AA /* [CP] Check Pods Manifest.lock */,
				C0ABE71E261EE74A006A4223 /* Sources */,
				C0ABE71F261EE74A006A4223 /* Frameworks */,
				C0ABE720261EE74A006A4223 /* Resources */,
				C0ABE75B261EED56006A4223 /* ShellScript */,
			);
			buildRules = (
			);
			dependencies = (
			);
			name = Task7;
			productName = Task7;
			productReference = C0ABE722261EE74A006A4223 /* Task7.app */;
			productType = "com.apple.product-type.application";
		};
		C0ABE737261EE74D006A4223 /* Task7Tests */ = {
			isa = PBXNativeTarget;
			buildConfigurationList = C0ABE74F261EE74D006A4223 /* Build configuration list for PBXNativeTarget "Task7Tests" */;
			buildPhases = (
				ADBF65DFAD50B428A021E6D2 /* [CP] Check Pods Manifest.lock */,
				C0ABE734261EE74D006A4223 /* Sources */,
				C0ABE735261EE74D006A4223 /* Frameworks */,
				C0ABE736261EE74D006A4223 /* Resources */,
			);
			buildRules = (
			);
			dependencies = (
				C0ABE73A261EE74D006A4223 /* PBXTargetDependency */,
			);
			name = Task7Tests;
			productName = Task7Tests;
			productReference = C0ABE738261EE74D006A4223 /* Task7Tests.xctest */;
			productType = "com.apple.product-type.bundle.unit-test";
		};
		C0ABE742261EE74D006A4223 /* Task7UITests */ = {
			isa = PBXNativeTarget;
			buildConfigurationList = C0ABE752261EE74D006A4223 /* Build configuration list for PBXNativeTarget "Task7UITests" */;
			buildPhases = (
				E0D7DD7FA65F6A0F987BE9C2 /* [CP] Check Pods Manifest.lock */,
				C0ABE73F261EE74D006A4223 /* Sources */,
				C0ABE740261EE74D006A4223 /* Frameworks */,
				C0ABE741261EE74D006A4223 /* Resources */,
			);
			buildRules = (
			);
			dependencies = (
				C0ABE745261EE74D006A4223 /* PBXTargetDependency */,
			);
			name = Task7UITests;
			productName = Task7UITests;
			productReference = C0ABE743261EE74D006A4223 /* Task7UITests.xctest */;
			productType = "com.apple.product-type.bundle.ui-testing";
		};
/* End PBXNativeTarget section */

/* Begin PBXProject section */
		C0ABE71A261EE74A006A4223 /* Project object */ = {
			isa = PBXProject;
			attributes = {
				LastSwiftUpdateCheck = 1240;
				LastUpgradeCheck = 1240;
				TargetAttributes = {
					C0ABE721261EE74A006A4223 = {
						CreatedOnToolsVersion = 12.4;
					};
					C0ABE737261EE74D006A4223 = {
						CreatedOnToolsVersion = 12.4;
						TestTargetID = C0ABE721261EE74A006A4223;
					};
					C0ABE742261EE74D006A4223 = {
						CreatedOnToolsVersion = 12.4;
						TestTargetID = C0ABE721261EE74A006A4223;
					};
				};
			};
			buildConfigurationList = C0ABE71D261EE74A006A4223 /* Build configuration list for PBXProject "Task7" */;
			compatibilityVersion = "Xcode 9.3";
			developmentRegion = en;
			hasScannedForEncodings = 0;
			knownRegions = (
				en,
				Base,
			);
			mainGroup = C0ABE719261EE74A006A4223;
			productRefGroup = C0ABE723261EE74A006A4223 /* Products */;
			projectDirPath = "";
			projectRoot = "";
			targets = (
				C0ABE721261EE74A006A4223 /* Task7 */,
				C0ABE737261EE74D006A4223 /* Task7Tests */,
				C0ABE742261EE74D006A4223 /* Task7UITests */,
			);
		};
/* End PBXProject section */

/* Begin PBXResourcesBuildPhase section */
		C0ABE720261EE74A006A4223 /* Resources */ = {
			isa = PBXResourcesBuildPhase;
			buildActionMask = 2147483647;
			files = (
				C0ABE732261EE74D006A4223 /* LaunchScreen.storyboard in Resources */,
				C0ABE72F261EE74D006A4223 /* Assets.xcassets in Resources */,
				C0ABE72D261EE74A006A4223 /* Main.storyboard in Resources */,
			);
			runOnlyForDeploymentPostprocessing = 0;
		};
		C0ABE736261EE74D006A4223 /* Resources */ = {
			isa = PBXResourcesBuildPhase;
			buildActionMask = 2147483647;
			files = (
			);
			runOnlyForDeploymentPostprocessing = 0;
		};
		C0ABE741261EE74D006A4223 /* Resources */ = {
			isa = PBXResourcesBuildPhase;
			buildActionMask = 2147483647;
			files = (
			);
			runOnlyForDeploymentPostprocessing = 0;
		};
/* End PBXResourcesBuildPhase section */

/* Begin PBXShellScriptBuildPhase section */
		2E2E889F7E0938DE852EE0AA /* [CP] Check Pods Manifest.lock */ = {
			isa = PBXShellScriptBuildPhase;
			buildActionMask = 2147483647;
			files = (
			);
			inputFileListPaths = (
			);
			inputPaths = (
				"${PODS_PODFILE_DIR_PATH}/Podfile.lock",
				"${PODS_ROOT}/Manifest.lock",
			);
			name = "[CP] Check Pods Manifest.lock";
			outputFileListPaths = (
			);
			outputPaths = (
				"$(DERIVED_FILE_DIR)/Pods-Task7-checkManifestLockResult.txt",
			);
			runOnlyForDeploymentPostprocessing = 0;
			shellPath = /bin/sh;
			shellScript = "diff \"${PODS_PODFILE_DIR_PATH}/Podfile.lock\" \"${PODS_ROOT}/Manifest.lock\" > /dev/null\nif [ $? != 0 ] ; then\n    # print error to STDERR\n    echo \"error: The sandbox is not in sync with the Podfile.lock. Run 'pod install' or update your CocoaPods installation.\" >&2\n    exit 1\nfi\n# This output is used by Xcode 'outputs' to avoid re-running this script phase.\necho \"SUCCESS\" > \"${SCRIPT_OUTPUT_FILE_0}\"\n";
			showEnvVarsInLog = 0;
		};
		ADBF65DFAD50B428A021E6D2 /* [CP] Check Pods Manifest.lock */ = {
			isa = PBXShellScriptBuildPhase;
			buildActionMask = 2147483647;
			files = (
			);
			inputFileListPaths = (
			);
			inputPaths = (
				"${PODS_PODFILE_DIR_PATH}/Podfile.lock",
				"${PODS_ROOT}/Manifest.lock",
			);
			name = "[CP] Check Pods Manifest.lock";
			outputFileListPaths = (
			);
			outputPaths = (
				"$(DERIVED_FILE_DIR)/Pods-Task7Tests-checkManifestLockResult.txt",
			);
			runOnlyForDeploymentPostprocessing = 0;
			shellPath = /bin/sh;
			shellScript = "diff \"${PODS_PODFILE_DIR_PATH}/Podfile.lock\" \"${PODS_ROOT}/Manifest.lock\" > /dev/null\nif [ $? != 0 ] ; then\n    # print error to STDERR\n    echo \"error: The sandbox is not in sync with the Podfile.lock. Run 'pod install' or update your CocoaPods installation.\" >&2\n    exit 1\nfi\n# This output is used by Xcode 'outputs' to avoid re-running this script phase.\necho \"SUCCESS\" > \"${SCRIPT_OUTPUT_FILE_0}\"\n";
			showEnvVarsInLog = 0;
		};
		C0ABE75B261EED56006A4223 /* ShellScript */ = {
			isa = PBXShellScriptBuildPhase;
			buildActionMask = 2147483647;
			files = (
			);
			inputFileListPaths = (
			);
			inputPaths = (
			);
			outputFileListPaths = (
			);
			outputPaths = (
			);
			runOnlyForDeploymentPostprocessing = 0;
			shellPath = /bin/sh;
			shellScript = "# Type a script or drag a script file from your workspace to insert its path.\nif which \"${PODS_ROOT}/SwiftLint/swiftlint\" >/dev/null; then\n${PODS_ROOT}/SwiftLint/swiftlint\nelse\necho \"warning: SwiftLint not installed, download from https://github.com/realm/SwiftLint\"\nfi\n";
		};
		E0D7DD7FA65F6A0F987BE9C2 /* [CP] Check Pods Manifest.lock */ = {
			isa = PBXShellScriptBuildPhase;
			buildActionMask = 2147483647;
			files = (
			);
			inputFileListPaths = (
			);
			inputPaths = (
				"${PODS_PODFILE_DIR_PATH}/Podfile.lock",
				"${PODS_ROOT}/Manifest.lock",
			);
			name = "[CP] Check Pods Manifest.lock";
			outputFileListPaths = (
			);
			outputPaths = (
				"$(DERIVED_FILE_DIR)/Pods-Task7-Task7UITests-checkManifestLockResult.txt",
			);
			runOnlyForDeploymentPostprocessing = 0;
			shellPath = /bin/sh;
			shellScript = "diff \"${PODS_PODFILE_DIR_PATH}/Podfile.lock\" \"${PODS_ROOT}/Manifest.lock\" > /dev/null\nif [ $? != 0 ] ; then\n    # print error to STDERR\n    echo \"error: The sandbox is not in sync with the Podfile.lock. Run 'pod install' or update your CocoaPods installation.\" >&2\n    exit 1\nfi\n# This output is used by Xcode 'outputs' to avoid re-running this script phase.\necho \"SUCCESS\" > \"${SCRIPT_OUTPUT_FILE_0}\"\n";
			showEnvVarsInLog = 0;
		};
/* End PBXShellScriptBuildPhase section */

/* Begin PBXSourcesBuildPhase section */
		C0ABE71E261EE74A006A4223 /* Sources */ = {
			isa = PBXSourcesBuildPhase;
			buildActionMask = 2147483647;
			files = (
				C0ABE77A261EF9B9006A4223 /* MinusViewController.swift in Sources */,
				C0ABE726261EE74A006A4223 /* AppDelegate.swift in Sources */,
				C0ABE775261EF99E006A4223 /* PlusViewController.swift in Sources */,
				C0ABE728261EE74A006A4223 /* SceneDelegate.swift in Sources */,
			);
			runOnlyForDeploymentPostprocessing = 0;
		};
		C0ABE734261EE74D006A4223 /* Sources */ = {
			isa = PBXSourcesBuildPhase;
			buildActionMask = 2147483647;
			files = (
				C0ABE73D261EE74D006A4223 /* Task7Tests.swift in Sources */,
			);
			runOnlyForDeploymentPostprocessing = 0;
		};
		C0ABE73F261EE74D006A4223 /* Sources */ = {
			isa = PBXSourcesBuildPhase;
			buildActionMask = 2147483647;
			files = (
				C0ABE748261EE74D006A4223 /* Task7UITests.swift in Sources */,
			);
			runOnlyForDeploymentPostprocessing = 0;
		};
/* End PBXSourcesBuildPhase section */

/* Begin PBXTargetDependency section */
		C0ABE73A261EE74D006A4223 /* PBXTargetDependency */ = {
			isa = PBXTargetDependency;
			target = C0ABE721261EE74A006A4223 /* Task7 */;
			targetProxy = C0ABE739261EE74D006A4223 /* PBXContainerItemProxy */;
		};
		C0ABE745261EE74D006A4223 /* PBXTargetDependency */ = {
			isa = PBXTargetDependency;
			target = C0ABE721261EE74A006A4223 /* Task7 */;
			targetProxy = C0ABE744261EE74D006A4223 /* PBXContainerItemProxy */;
		};
/* End PBXTargetDependency section */

/* Begin PBXVariantGroup section */
		C0ABE72B261EE74A006A4223 /* Main.storyboard */ = {
			isa = PBXVariantGroup;
			children = (
				C0ABE72C261EE74A006A4223 /* Base */,
			);
			name = Main.storyboard;
			sourceTree = "<group>";
		};
		C0ABE730261EE74D006A4223 /* LaunchScreen.storyboard */ = {
			isa = PBXVariantGroup;
			children = (
				C0ABE731261EE74D006A4223 /* Base */,
			);
			name = LaunchScreen.storyboard;
			sourceTree = "<group>";
		};
/* End PBXVariantGroup section */

/* Begin XCBuildConfiguration section */
		C0ABE74A261EE74D006A4223 /* Debug */ = {
			isa = XCBuildConfiguration;
			buildSettings = {
				ALWAYS_SEARCH_USER_PATHS = NO;
				CLANG_ANALYZER_NONNULL = YES;
				CLANG_ANALYZER_NUMBER_OBJECT_CONVERSION = YES_AGGRESSIVE;
				CLANG_CXX_LANGUAGE_STANDARD = "gnu++14";
				CLANG_CXX_LIBRARY = "libc++";
				CLANG_ENABLE_MODULES = YES;
				CLANG_ENABLE_OBJC_ARC = YES;
				CLANG_ENABLE_OBJC_WEAK = YES;
				CLANG_WARN_BLOCK_CAPTURE_AUTORELEASING = YES;
				CLANG_WARN_BOOL_CONVERSION = YES;
				CLANG_WARN_COMMA = YES;
				CLANG_WARN_CONSTANT_CONVERSION = YES;
				CLANG_WARN_DEPRECATED_OBJC_IMPLEMENTATIONS = YES;
				CLANG_WARN_DIRECT_OBJC_ISA_USAGE = YES_ERROR;
				CLANG_WARN_DOCUMENTATION_COMMENTS = YES;
				CLANG_WARN_EMPTY_BODY = YES;
				CLANG_WARN_ENUM_CONVERSION = YES;
				CLANG_WARN_INFINITE_RECURSION = YES;
				CLANG_WARN_INT_CONVERSION = YES;
				CLANG_WARN_NON_LITERAL_NULL_CONVERSION = YES;
				CLANG_WARN_OBJC_IMPLICIT_RETAIN_SELF = YES;
				CLANG_WARN_OBJC_LITERAL_CONVERSION = YES;
				CLANG_WARN_OBJC_ROOT_CLASS = YES_ERROR;
				CLANG_WARN_QUOTED_INCLUDE_IN_FRAMEWORK_HEADER = YES;
				CLANG_WARN_RANGE_LOOP_ANALYSIS = YES;
				CLANG_WARN_STRICT_PROTOTYPES = YES;
				CLANG_WARN_SUSPICIOUS_MOVE = YES;
				CLANG_WARN_UNGUARDED_AVAILABILITY = YES_AGGRESSIVE;
				CLANG_WARN_UNREACHABLE_CODE = YES;
				CLANG_WARN__DUPLICATE_METHOD_MATCH = YES;
				COPY_PHASE_STRIP = NO;
				DEBUG_INFORMATION_FORMAT = dwarf;
				ENABLE_STRICT_OBJC_MSGSEND = YES;
				ENABLE_TESTABILITY = YES;
				GCC_C_LANGUAGE_STANDARD = gnu11;
				GCC_DYNAMIC_NO_PIC = NO;
				GCC_NO_COMMON_BLOCKS = YES;
				GCC_OPTIMIZATION_LEVEL = 0;
				GCC_PREPROCESSOR_DEFINITIONS = (
					"DEBUG=1",
					"$(inherited)",
				);
				GCC_WARN_64_TO_32_BIT_CONVERSION = YES;
				GCC_WARN_ABOUT_RETURN_TYPE = YES_ERROR;
				GCC_WARN_UNDECLARED_SELECTOR = YES;
				GCC_WARN_UNINITIALIZED_AUTOS = YES_AGGRESSIVE;
				GCC_WARN_UNUSED_FUNCTION = YES;
				GCC_WARN_UNUSED_VARIABLE = YES;
				IPHONEOS_DEPLOYMENT_TARGET = 14.4;
				MTL_ENABLE_DEBUG_INFO = INCLUDE_SOURCE;
				MTL_FAST_MATH = YES;
				ONLY_ACTIVE_ARCH = YES;
				SDKROOT = iphoneos;
				SWIFT_ACTIVE_COMPILATION_CONDITIONS = DEBUG;
				SWIFT_OPTIMIZATION_LEVEL = "-Onone";
			};
			name = Debug;
		};
		C0ABE74B261EE74D006A4223 /* Release */ = {
			isa = XCBuildConfiguration;
			buildSettings = {
				ALWAYS_SEARCH_USER_PATHS = NO;
				CLANG_ANALYZER_NONNULL = YES;
				CLANG_ANALYZER_NUMBER_OBJECT_CONVERSION = YES_AGGRESSIVE;
				CLANG_CXX_LANGUAGE_STANDARD = "gnu++14";
				CLANG_CXX_LIBRARY = "libc++";
				CLANG_ENABLE_MODULES = YES;
				CLANG_ENABLE_OBJC_ARC = YES;
				CLANG_ENABLE_OBJC_WEAK = YES;
				CLANG_WARN_BLOCK_CAPTURE_AUTORELEASING = YES;
				CLANG_WARN_BOOL_CONVERSION = YES;
				CLANG_WARN_COMMA = YES;
				CLANG_WARN_CONSTANT_CONVERSION = YES;
				CLANG_WARN_DEPRECATED_OBJC_IMPLEMENTATIONS = YES;
				CLANG_WARN_DIRECT_OBJC_ISA_USAGE = YES_ERROR;
				CLANG_WARN_DOCUMENTATION_COMMENTS = YES;
				CLANG_WARN_EMPTY_BODY = YES;
				CLANG_WARN_ENUM_CONVERSION = YES;
				CLANG_WARN_INFINITE_RECURSION = YES;
				CLANG_WARN_INT_CONVERSION = YES;
				CLANG_WARN_NON_LITERAL_NULL_CONVERSION = YES;
				CLANG_WARN_OBJC_IMPLICIT_RETAIN_SELF = YES;
				CLANG_WARN_OBJC_LITERAL_CONVERSION = YES;
				CLANG_WARN_OBJC_ROOT_CLASS = YES_ERROR;
				CLANG_WARN_QUOTED_INCLUDE_IN_FRAMEWORK_HEADER = YES;
				CLANG_WARN_RANGE_LOOP_ANALYSIS = YES;
				CLANG_WARN_STRICT_PROTOTYPES = YES;
				CLANG_WARN_SUSPICIOUS_MOVE = YES;
				CLANG_WARN_UNGUARDED_AVAILABILITY = YES_AGGRESSIVE;
				CLANG_WARN_UNREACHABLE_CODE = YES;
				CLANG_WARN__DUPLICATE_METHOD_MATCH = YES;
				COPY_PHASE_STRIP = NO;
				DEBUG_INFORMATION_FORMAT = "dwarf-with-dsym";
				ENABLE_NS_ASSERTIONS = NO;
				ENABLE_STRICT_OBJC_MSGSEND = YES;
				GCC_C_LANGUAGE_STANDARD = gnu11;
				GCC_NO_COMMON_BLOCKS = YES;
				GCC_WARN_64_TO_32_BIT_CONVERSION = YES;
				GCC_WARN_ABOUT_RETURN_TYPE = YES_ERROR;
				GCC_WARN_UNDECLARED_SELECTOR = YES;
				GCC_WARN_UNINITIALIZED_AUTOS = YES_AGGRESSIVE;
				GCC_WARN_UNUSED_FUNCTION = YES;
				GCC_WARN_UNUSED_VARIABLE = YES;
				IPHONEOS_DEPLOYMENT_TARGET = 14.4;
				MTL_ENABLE_DEBUG_INFO = NO;
				MTL_FAST_MATH = YES;
				SDKROOT = iphoneos;
				SWIFT_COMPILATION_MODE = wholemodule;
				SWIFT_OPTIMIZATION_LEVEL = "-O";
				VALIDATE_PRODUCT = YES;
			};
			name = Release;
		};
		C0ABE74D261EE74D006A4223 /* Debug */ = {
			isa = XCBuildConfiguration;
			baseConfigurationReference = 742241E836DCC92F00D5A764 /* Pods-Task7.debug.xcconfig */;
			buildSettings = {
				ASSETCATALOG_COMPILER_APPICON_NAME = AppIcon;
				ASSETCATALOG_COMPILER_GLOBAL_ACCENT_COLOR_NAME = AccentColor;
				CODE_SIGN_STYLE = Automatic;
				DEVELOPMENT_TEAM = 7FJPXLFFTZ;
				INFOPLIST_FILE = Task7/Info.plist;
				LD_RUNPATH_SEARCH_PATHS = (
					"$(inherited)",
					"@executable_path/Frameworks",
				);
				PRODUCT_BUNDLE_IDENTIFIER = com.DaigoNomura.Task7;
				PRODUCT_NAME = "$(TARGET_NAME)";
				SWIFT_VERSION = 5.0;
				TARGETED_DEVICE_FAMILY = "1,2";
			};
			name = Debug;
		};
		C0ABE74E261EE74D006A4223 /* Release */ = {
			isa = XCBuildConfiguration;
			baseConfigurationReference = C6658159E9ACF108FBD2C3F2 /* Pods-Task7.release.xcconfig */;
			buildSettings = {
				ASSETCATALOG_COMPILER_APPICON_NAME = AppIcon;
				ASSETCATALOG_COMPILER_GLOBAL_ACCENT_COLOR_NAME = AccentColor;
				CODE_SIGN_STYLE = Automatic;
				DEVELOPMENT_TEAM = 7FJPXLFFTZ;
				INFOPLIST_FILE = Task7/Info.plist;
				LD_RUNPATH_SEARCH_PATHS = (
					"$(inherited)",
					"@executable_path/Frameworks",
				);
				PRODUCT_BUNDLE_IDENTIFIER = com.DaigoNomura.Task7;
				PRODUCT_NAME = "$(TARGET_NAME)";
				SWIFT_VERSION = 5.0;
				TARGETED_DEVICE_FAMILY = "1,2";
			};
			name = Release;
		};
		C0ABE750261EE74D006A4223 /* Debug */ = {
			isa = XCBuildConfiguration;
			baseConfigurationReference = B69C4CB723AAA62E1D4BC267 /* Pods-Task7Tests.debug.xcconfig */;
			buildSettings = {
				ALWAYS_EMBED_SWIFT_STANDARD_LIBRARIES = YES;
				BUNDLE_LOADER = "$(TEST_HOST)";
				CODE_SIGN_STYLE = Automatic;
				DEVELOPMENT_TEAM = 7FJPXLFFTZ;
				INFOPLIST_FILE = Task7Tests/Info.plist;
				IPHONEOS_DEPLOYMENT_TARGET = 14.4;
				LD_RUNPATH_SEARCH_PATHS = (
					"$(inherited)",
					"@executable_path/Frameworks",
					"@loader_path/Frameworks",
				);
				PRODUCT_BUNDLE_IDENTIFIER = com.DaigoNomura.Task7Tests;
				PRODUCT_NAME = "$(TARGET_NAME)";
				SWIFT_VERSION = 5.0;
				TARGETED_DEVICE_FAMILY = "1,2";
				TEST_HOST = "$(BUILT_PRODUCTS_DIR)/Task7.app/Task7";
			};
			name = Debug;
		};
		C0ABE751261EE74D006A4223 /* Release */ = {
			isa = XCBuildConfiguration;
			baseConfigurationReference = 073907829AE0E5F471A8FD83 /* Pods-Task7Tests.release.xcconfig */;
			buildSettings = {
				ALWAYS_EMBED_SWIFT_STANDARD_LIBRARIES = YES;
				BUNDLE_LOADER = "$(TEST_HOST)";
				CODE_SIGN_STYLE = Automatic;
				DEVELOPMENT_TEAM = 7FJPXLFFTZ;
				INFOPLIST_FILE = Task7Tests/Info.plist;
				IPHONEOS_DEPLOYMENT_TARGET = 14.4;
				LD_RUNPATH_SEARCH_PATHS = (
					"$(inherited)",
					"@executable_path/Frameworks",
					"@loader_path/Frameworks",
				);
				PRODUCT_BUNDLE_IDENTIFIER = com.DaigoNomura.Task7Tests;
				PRODUCT_NAME = "$(TARGET_NAME)";
				SWIFT_VERSION = 5.0;
				TARGETED_DEVICE_FAMILY = "1,2";
				TEST_HOST = "$(BUILT_PRODUCTS_DIR)/Task7.app/Task7";
			};
			name = Release;
		};
		C0ABE753261EE74D006A4223 /* Debug */ = {
			isa = XCBuildConfiguration;
			baseConfigurationReference = 67555EF8D7A6FD7DD9FBFBFC /* Pods-Task7-Task7UITests.debug.xcconfig */;
			buildSettings = {
				ALWAYS_EMBED_SWIFT_STANDARD_LIBRARIES = YES;
				CODE_SIGN_STYLE = Automatic;
				DEVELOPMENT_TEAM = 7FJPXLFFTZ;
				INFOPLIST_FILE = Task7UITests/Info.plist;
				LD_RUNPATH_SEARCH_PATHS = (
					"$(inherited)",
					"@executable_path/Frameworks",
					"@loader_path/Frameworks",
				);
				PRODUCT_BUNDLE_IDENTIFIER = com.DaigoNomura.Task7UITests;
				PRODUCT_NAME = "$(TARGET_NAME)";
				SWIFT_VERSION = 5.0;
				TARGETED_DEVICE_FAMILY = "1,2";
				TEST_TARGET_NAME = Task7;
			};
			name = Debug;
		};
		C0ABE754261EE74D006A4223 /* Release */ = {
			isa = XCBuildConfiguration;
			baseConfigurationReference = D48406BAD96B8474747D6084 /* Pods-Task7-Task7UITests.release.xcconfig */;
			buildSettings = {
				ALWAYS_EMBED_SWIFT_STANDARD_LIBRARIES = YES;
				CODE_SIGN_STYLE = Automatic;
				DEVELOPMENT_TEAM = 7FJPXLFFTZ;
				INFOPLIST_FILE = Task7UITests/Info.plist;
				LD_RUNPATH_SEARCH_PATHS = (
					"$(inherited)",
					"@executable_path/Frameworks",
					"@loader_path/Frameworks",
				);
				PRODUCT_BUNDLE_IDENTIFIER = com.DaigoNomura.Task7UITests;
				PRODUCT_NAME = "$(TARGET_NAME)";
				SWIFT_VERSION = 5.0;
				TARGETED_DEVICE_FAMILY = "1,2";
				TEST_TARGET_NAME = Task7;
			};
			name = Release;
		};
/* End XCBuildConfiguration section */

/* Begin XCConfigurationList section */
		C0ABE71D261EE74A006A4223 /* Build configuration list for PBXProject "Task7" */ = {
			isa = XCConfigurationList;
			buildConfigurations = (
				C0ABE74A261EE74D006A4223 /* Debug */,
				C0ABE74B261EE74D006A4223 /* Release */,
			);
			defaultConfigurationIsVisible = 0;
			defaultConfigurationName = Release;
		};
		C0ABE74C261EE74D006A4223 /* Build configuration list for PBXNativeTarget "Task7" */ = {
			isa = XCConfigurationList;
			buildConfigurations = (
				C0ABE74D261EE74D006A4223 /* Debug */,
				C0ABE74E261EE74D006A4223 /* Release */,
			);
			defaultConfigurationIsVisible = 0;
			defaultConfigurationName = Release;
		};
		C0ABE74F261EE74D006A4223 /* Build configuration list for PBXNativeTarget "Task7Tests" */ = {
			isa = XCConfigurationList;
			buildConfigurations = (
				C0ABE750261EE74D006A4223 /* Debug */,
				C0ABE751261EE74D006A4223 /* Release */,
			);
			defaultConfigurationIsVisible = 0;
			defaultConfigurationName = Release;
		};
		C0ABE752261EE74D006A4223 /* Build configuration list for PBXNativeTarget "Task7UITests" */ = {
			isa = XCConfigurationList;
			buildConfigurations = (
				C0ABE753261EE74D006A4223 /* Debug */,
				C0ABE754261EE74D006A4223 /* Release */,
			);
			defaultConfigurationIsVisible = 0;
			defaultConfigurationName = Release;
		};
/* End XCConfigurationList section */
	};
	rootObject = C0ABE71A261EE74A006A4223 /* Project object */;
}
